
Microsoft Visual Studio Solution File, Format Version 12.00
# Visual Studio Version 17
VisualStudioVersion = 17.5.002.0
MinimumVisualStudioVersion = 10.0.40219.1
Project("{2150E333-8FDC-42A3-9474-1A3956D46DE8}") = "semana2", "semana2", "{BC26249C-679A-4CE5-B45F-2E96789629A5}"
EndProject
Project("{9A19103F-16F7-4668-BE54-9A1E7A4F7556}") = "exercicio-foreach", "semana2\exercicio-foreach\exercicio-foreach.csproj", "{92346AF0-2078-403C-B837-BEEA7296BF90}"
EndProject
Global
	GlobalSection(SolutionConfigurationPlatforms) = preSolution
		Debug|Any CPU = Debug|Any CPU
		Release|Any CPU = Release|Any CPU
	EndGlobalSection
	GlobalSection(ProjectConfigurationPlatforms) = postSolution
		{92346AF0-2078-403C-B837-BEEA7296BF90}.Debug|Any CPU.ActiveCfg = Debug|Any CPU
		{92346AF0-2078-403C-B837-BEEA7296BF90}.Debug|Any CPU.Build.0 = Debug|Any CPU
		{92346AF0-2078-403C-B837-BEEA7296BF90}.Release|Any CPU.ActiveCfg = Release|Any CPU
		{92346AF0-2078-403C-B837-BEEA7296BF90}.Release|Any CPU.Build.0 = Release|Any CPU
	EndGlobalSection
	GlobalSection(SolutionProperties) = preSolution
		HideSolutionNode = FALSE
	EndGlobalSection
	GlobalSection(NestedProjects) = preSolution
		{92346AF0-2078-403C-B837-BEEA7296BF90} = {BC26249C-679A-4CE5-B45F-2E96789629A5}
	EndGlobalSection
	GlobalSection(ExtensibilityGlobals) = postSolution
		SolutionGuid = {4B595854-7BAA-4E47-933B-335DA62E5975}
	EndGlobalSection
EndGlobal
